
Microsoft Visual Studio Solution File, Format Version 12.00
# Visual Studio Version 17
VisualStudioVersion = 17.3.32901.215
MinimumVisualStudioVersion = 10.0.40219.1
Project("{9A19103F-16F7-4668-BE54-9A1E7A4F7556}") = "Intercom.Android.Commons", "src\Intercom.Maui.Android.Common\Intercom.Android.Commons.csproj", "{8475B626-98C2-4B06-B3F9-8328AF70C717}"
EndProject
Project("{2150E333-8FDC-42A3-9474-1A3956D46DE8}") = "Solution Items", "Solution Items", "{238A1DF6-ECE0-4A37-A59E-BB7724AE9227}"
	ProjectSection(SolutionItems) = preProject
		.gitignore = .gitignore
		global.json = global.json
		LICENSE = LICENSE
		README.md = README.md
	EndProjectSection
EndProject
Project("{FAE04EC0-301F-11D3-BF4B-00C04F79EFBC}") = "Intercom.Maui", "src\Intercom.Maui\Intercom.Maui.csproj", "{D677C968-A5EE-4621-A321-633155474B19}"
EndProject
Project("{FAE04EC0-301F-11D3-BF4B-00C04F79EFBC}") = "Intercom.Android.Composer", "src\Intercom.Android.Composer\Intercom.Android.Composer.csproj", "{C24A5D6C-8D17-4B76-855E-FC942F57B89B}"
EndProject
Project("{FAE04EC0-301F-11D3-BF4B-00C04F79EFBC}") = "Intercom.Android.ComposerGallery", "src\Intercom.Android.ComposerGallery\Intercom.Android.ComposerGallery.csproj", "{0ED51387-FB51-4AEB-8BDC-89EE0A9C3D50}"
EndProject
Project("{FAE04EC0-301F-11D3-BF4B-00C04F79EFBC}") = "Intercom.Android.SDK.Base", "src\Intercom.Android.SDK.Base\Intercom.Android.SDK.Base.csproj", "{F55F25AF-C8A2-47D0-A227-DF88C8B61EA9}"
EndProject
Global
	GlobalSection(SolutionConfigurationPlatforms) = preSolution
		Debug|Any CPU = Debug|Any CPU
		Release|Any CPU = Release|Any CPU
	EndGlobalSection
	GlobalSection(ProjectConfigurationPlatforms) = postSolution
		{8475B626-98C2-4B06-B3F9-8328AF70C717}.Debug|Any CPU.ActiveCfg = Debug|Any CPU
		{8475B626-98C2-4B06-B3F9-8328AF70C717}.Debug|Any CPU.Build.0 = Debug|Any CPU
		{8475B626-98C2-4B06-B3F9-8328AF70C717}.Release|Any CPU.ActiveCfg = Release|Any CPU
		{8475B626-98C2-4B06-B3F9-8328AF70C717}.Release|Any CPU.Build.0 = Release|Any CPU
		{D677C968-A5EE-4621-A321-633155474B19}.Debug|Any CPU.ActiveCfg = Debug|Any CPU
		{D677C968-A5EE-4621-A321-633155474B19}.Debug|Any CPU.Build.0 = Debug|Any CPU
		{D677C968-A5EE-4621-A321-633155474B19}.Debug|Any CPU.Deploy.0 = Debug|Any CPU
		{D677C968-A5EE-4621-A321-633155474B19}.Release|Any CPU.ActiveCfg = Release|Any CPU
		{D677C968-A5EE-4621-A321-633155474B19}.Release|Any CPU.Build.0 = Release|Any CPU
		{D677C968-A5EE-4621-A321-633155474B19}.Release|Any CPU.Deploy.0 = Release|Any CPU
		{C24A5D6C-8D17-4B76-855E-FC942F57B89B}.Debug|Any CPU.ActiveCfg = Debug|Any CPU
		{C24A5D6C-8D17-4B76-855E-FC942F57B89B}.Debug|Any CPU.Build.0 = Debug|Any CPU
		{C24A5D6C-8D17-4B76-855E-FC942F57B89B}.Release|Any CPU.ActiveCfg = Release|Any CPU
		{C24A5D6C-8D17-4B76-855E-FC942F57B89B}.Release|Any CPU.Build.0 = Release|Any CPU
		{0ED51387-FB51-4AEB-8BDC-89EE0A9C3D50}.Debug|Any CPU.ActiveCfg = Debug|Any CPU
		{0ED51387-FB51-4AEB-8BDC-89EE0A9C3D50}.Debug|Any CPU.Build.0 = Debug|Any CPU
		{0ED51387-FB51-4AEB-8BDC-89EE0A9C3D50}.Release|Any CPU.ActiveCfg = Release|Any CPU
		{0ED51387-FB51-4AEB-8BDC-89EE0A9C3D50}.Release|Any CPU.Build.0 = Release|Any CPU
		{F55F25AF-C8A2-47D0-A227-DF88C8B61EA9}.Debug|Any CPU.ActiveCfg = Debug|Any CPU
		{F55F25AF-C8A2-47D0-A227-DF88C8B61EA9}.Debug|Any CPU.Build.0 = Debug|Any CPU
		{F55F25AF-C8A2-47D0-A227-DF88C8B61EA9}.Release|Any CPU.ActiveCfg = Release|Any CPU
		{F55F25AF-C8A2-47D0-A227-DF88C8B61EA9}.Release|Any CPU.Build.0 = Release|Any CPU
	EndGlobalSection
	GlobalSection(SolutionProperties) = preSolution
		HideSolutionNode = FALSE
	EndGlobalSection
	GlobalSection(ExtensibilityGlobals) = postSolution
		SolutionGuid = {D08BB234-1FBD-4DD2-A4E7-29FD5992ADEC}
	EndGlobalSection
EndGlobal
